
Microsoft Visual Studio Solution File, Format Version 12.00
# Visual Studio Version 17
VisualStudioVersion = 17.9.34701.34
MinimumVisualStudioVersion = 10.0.40219.1
Project("{FAE04EC0-301F-11D3-BF4B-00C04F79EFBC}") = "BlazorApp1.Server", "BlazorApp1\Server\BlazorApp1.Server.csproj", "{E6FCCCDD-543A-4647-9866-EF64A70B7A63}"
EndProject
Project("{FAE04EC0-301F-11D3-BF4B-00C04F79EFBC}") = "BlazorApp1.Client", "BlazorApp1\Client\BlazorApp1.Client.csproj", "{3AE6C1D6-C1C1-440C-83F7-2CE7EC3B48FF}"
EndProject
Project("{FAE04EC0-301F-11D3-BF4B-00C04F79EFBC}") = "BlazorApp1.Shared", "BlazorApp1\Shared\BlazorApp1.Shared.csproj", "{62758A0A-835B-4A2F-A6ED-5F7707E1FBAA}"
EndProject
Global
	GlobalSection(SolutionConfigurationPlatforms) = preSolution
		Debug|Any CPU = Debug|Any CPU
		Release|Any CPU = Release|Any CPU
	EndGlobalSection
	GlobalSection(ProjectConfigurationPlatforms) = postSolution
		{E6FCCCDD-543A-4647-9866-EF64A70B7A63}.Debug|Any CPU.ActiveCfg = Debug|Any CPU
		{E6FCCCDD-543A-4647-9866-EF64A70B7A63}.Debug|Any CPU.Build.0 = Debug|Any CPU
		{E6FCCCDD-543A-4647-9866-EF64A70B7A63}.Release|Any CPU.ActiveCfg = Release|Any CPU
		{E6FCCCDD-543A-4647-9866-EF64A70B7A63}.Release|Any CPU.Build.0 = Release|Any CPU
		{3AE6C1D6-C1C1-440C-83F7-2CE7EC3B48FF}.Debug|Any CPU.ActiveCfg = Debug|Any CPU
		{3AE6C1D6-C1C1-440C-83F7-2CE7EC3B48FF}.Debug|Any CPU.Build.0 = Debug|Any CPU
		{3AE6C1D6-C1C1-440C-83F7-2CE7EC3B48FF}.Release|Any CPU.ActiveCfg = Release|Any CPU
		{3AE6C1D6-C1C1-440C-83F7-2CE7EC3B48FF}.Release|Any CPU.Build.0 = Release|Any CPU
		{62758A0A-835B-4A2F-A6ED-5F7707E1FBAA}.Debug|Any CPU.ActiveCfg = Debug|Any CPU
		{62758A0A-835B-4A2F-A6ED-5F7707E1FBAA}.Debug|Any CPU.Build.0 = Debug|Any CPU
		{62758A0A-835B-4A2F-A6ED-5F7707E1FBAA}.Release|Any CPU.ActiveCfg = Release|Any CPU
		{62758A0A-835B-4A2F-A6ED-5F7707E1FBAA}.Release|Any CPU.Build.0 = Release|Any CPU
	EndGlobalSection
	GlobalSection(SolutionProperties) = preSolution
		HideSolutionNode = FALSE
	EndGlobalSection
	GlobalSection(ExtensibilityGlobals) = postSolution
		SolutionGuid = {1B6D8789-0CC4-4692-B4D7-0AA217FA8153}
	EndGlobalSection
EndGlobal
